
Microsoft Visual Studio Solution File, Format Version 12.00
# Visual Studio Version 16
VisualStudioVersion = 16.0.31702.278
MinimumVisualStudioVersion = 10.0.40219.1
Project("{FAE04EC0-301F-11D3-BF4B-00C04F79EFBC}") = "AI.Web", "AI.Web\AI.Web.csproj", "{3CB0446F-A941-46FD-B3D2-96FA2D9CB2B6}"
EndProject
Project("{FAE04EC0-301F-11D3-BF4B-00C04F79EFBC}") = "AI.Web.Models", "AI.Web.Models\AI.Web.Models.csproj", "{F504493F-C00A-4679-AA2E-8836FF4A7843}"
EndProject
Project("{FAE04EC0-301F-11D3-BF4B-00C04F79EFBC}") = "AI.Core", "AI.Core\AI.Core.csproj", "{ECDD2A71-96B8-4E31-92AF-D744220A7707}"
EndProject
Global
	GlobalSection(SolutionConfigurationPlatforms) = preSolution
		Debug|Any CPU = Debug|Any CPU
		Release|Any CPU = Release|Any CPU
	EndGlobalSection
	GlobalSection(ProjectConfigurationPlatforms) = postSolution
		{3CB0446F-A941-46FD-B3D2-96FA2D9CB2B6}.Debug|Any CPU.ActiveCfg = Debug|Any CPU
		{3CB0446F-A941-46FD-B3D2-96FA2D9CB2B6}.Debug|Any CPU.Build.0 = Debug|Any CPU
		{3CB0446F-A941-46FD-B3D2-96FA2D9CB2B6}.Release|Any CPU.ActiveCfg = Release|Any CPU
		{3CB0446F-A941-46FD-B3D2-96FA2D9CB2B6}.Release|Any CPU.Build.0 = Release|Any CPU
		{F504493F-C00A-4679-AA2E-8836FF4A7843}.Debug|Any CPU.ActiveCfg = Debug|Any CPU
		{F504493F-C00A-4679-AA2E-8836FF4A7843}.Debug|Any CPU.Build.0 = Debug|Any CPU
		{F504493F-C00A-4679-AA2E-8836FF4A7843}.Release|Any CPU.ActiveCfg = Release|Any CPU
		{F504493F-C00A-4679-AA2E-8836FF4A7843}.Release|Any CPU.Build.0 = Release|Any CPU
		{ECDD2A71-96B8-4E31-92AF-D744220A7707}.Debug|Any CPU.ActiveCfg = Debug|Any CPU
		{ECDD2A71-96B8-4E31-92AF-D744220A7707}.Debug|Any CPU.Build.0 = Debug|Any CPU
		{ECDD2A71-96B8-4E31-92AF-D744220A7707}.Release|Any CPU.ActiveCfg = Release|Any CPU
		{ECDD2A71-96B8-4E31-92AF-D744220A7707}.Release|Any CPU.Build.0 = Release|Any CPU
	EndGlobalSection
	GlobalSection(SolutionProperties) = preSolution
		HideSolutionNode = FALSE
	EndGlobalSection
	GlobalSection(ExtensibilityGlobals) = postSolution
		SolutionGuid = {D9B1A5EB-49A9-4D3E-8642-21ECFD6D68FB}
	EndGlobalSection
EndGlobal
